// !$*UTF8*$!
{
	archiveVersion = 1;
	classes = {
	};
	objectVersion = 46;
	objects = {

/* Begin PBXBuildFile section */
		AEF7D7EB19F901E800C06799 /* main.c in Sources */ = {isa = PBXBuildFile; fileRef = AEF7D7EA19F901E800C06799 /* main.c */; };
		AEF7D7F419F9044000C06799 /* stack.c in Sources */ = {isa = PBXBuildFile; fileRef = AEF7D7F219F9044000C06799 /* stack.c */; };
/* End PBXBuildFile section */

/* Begin PBXCopyFilesBuildPhase section */
		AEF7D7E519F901E800C06799 /* CopyFiles */ = {
			isa = PBXCopyFilesBuildPhase;
			buildActionMask = 2147483647;
			dstPath = /usr/share/man/man1/;
			dstSubfolderSpec = 0;
			files = (
			);
			runOnlyForDeploymentPostprocessing = 1;
		};
/* End PBXCopyFilesBuildPhase section */

/* Begin PBXFileReference section */
		AEF7D7E719F901E800C06799 /* Polish Notation */ = {isa = PBXFileReference; explicitFileType = "compiled.mach-o.executable"; includeInIndex = 0; path = "Polish Notation"; sourceTree = BUILT_PRODUCTS_DIR; };
		AEF7D7EA19F901E800C06799 /* main.c */ = {isa = PBXFileReference; lastKnownFileType = sourcecode.c.c; path = main.c; sourceTree = "<group>"; };
		AEF7D7F219F9044000C06799 /* stack.c */ = {isa = PBXFileReference; fileEncoding = 4; lastKnownFileType = sourcecode.c.c; path = stack.c; sourceTree = "<group>"; };
		AEF7D7F519F9047F00C06799 /* stack.h */ = {isa = PBXFileReference; lastKnownFileType = sourcecode.c.h; path = stack.h; sourceTree = "<group>"; };
/* End PBXFileReference section */

/* Begin PBXFrameworksBuildPhase section */
		AEF7D7E419F901E800C06799 /* Frameworks */ = {
			isa = PBXFrameworksBuildPhase;
			buildActionMask = 2147483647;
			files = (
			);
			runOnlyForDeploymentPostprocessing = 0;
		};
/* End PBXFrameworksBuildPhase section */

/* Begin PBXGroup section */
		AEF7D7DE19F901E800C06799 = {
			isa = PBXGroup;
			children = (
				AEF7D7E919F901E800C06799 /* Polish Notation */,
				AEF7D7E819F901E800C06799 /* Products */,
			);
			sourceTree = "<group>";
		};
		AEF7D7E819F901E800C06799 /* Products */ = {
			isa = PBXGroup;
			children = (
				AEF7D7E719F901E800C06799 /* Polish Notation */,
			);
			name = Products;
			sourceTree = "<group>";
		};
		AEF7D7E919F901E800C06799 /* Polish Notation */ = {
			isa = PBXGroup;
			children = (
				AEF7D7EA19F901E800C06799 /* main.c */,
				AEF7D7F219F9044000C06799 /* stack.c */,
				AEF7D7F519F9047F00C06799 /* stack.h */,
			);
			path = "Polish Notation";
			sourceTree = "<group>";
		};
/* End PBXGroup section */

/* Begin PBXNativeTarget section */
		AEF7D7E619F901E800C06799 /* Polish Notation */ = {
			isa = PBXNativeTarget;
			buildConfigurationList = AEF7D7EE19F901E800C06799 /* Build configuration list for PBXNativeTarget "Polish Notation" */;
			buildPhases = (
				AEF7D7E319F901E800C06799 /* Sources */,
				AEF7D7E419F901E800C06799 /* Frameworks */,
				AEF7D7E519F901E800C06799 /* CopyFiles */,
			);
			buildRules = (
			);
			dependencies = (
			);
			name = "Polish Notation";
			productName = "Polish Notation";
			productReference = AEF7D7E719F901E800C06799 /* Polish Notation */;
			productType = "com.apple.product-type.tool";
		};
/* End PBXNativeTarget section */

/* Begin PBXProject section */
		AEF7D7DF19F901E800C06799 /* Project object */ = {
			isa = PBXProject;
			attributes = {
				LastUpgradeCheck = 0600;
				ORGANIZATIONNAME = Serkin;
				TargetAttributes = {
					AEF7D7E619F901E800C06799 = {
						CreatedOnToolsVersion = 6.0.1;
					};
				};
			};
			buildConfigurationList = AEF7D7E219F901E800C06799 /* Build configuration list for PBXProject "Polish Notation" */;
			compatibilityVersion = "Xcode 3.2";
			developmentRegion = English;
			hasScannedForEncodings = 0;
			knownRegions = (
				en,
			);
			mainGroup = AEF7D7DE19F901E800C06799;
			productRefGroup = AEF7D7E819F901E800C06799 /* Products */;
			projectDirPath = "";
			projectRoot = "";
			targets = (
				AEF7D7E619F901E800C06799 /* Polish Notation */,
			);
		};
/* End PBXProject section */

/* Begin PBXSourcesBuildPhase section */
		AEF7D7E319F901E800C06799 /* Sources */ = {
			isa = PBXSourcesBuildPhase;
			buildActionMask = 2147483647;
			files = (
				AEF7D7F419F9044000C06799 /* stack.c in Sources */,
				AEF7D7EB19F901E800C06799 /* main.c in Sources */,
			);
			runOnlyForDeploymentPostprocessing = 0;
		};
/* End PBXSourcesBuildPhase section */

/* Begin XCBuildConfiguration section */
		AEF7D7EC19F901E800C06799 /* Debug */ = {
			isa = XCBuildConfiguration;
			buildSettings = {
				ALWAYS_SEARCH_USER_PATHS = NO;
				CLANG_CXX_LANGUAGE_STANDARD = "gnu++0x";
				CLANG_CXX_LIBRARY = "libc++";
				CLANG_ENABLE_MODULES = YES;
				CLANG_ENABLE_OBJC_ARC = YES;
				CLANG_WARN_BOOL_CONVERSION = YES;
				CLANG_WARN_CONSTANT_CONVERSION = YES;
				CLANG_WARN_DIRECT_OBJC_ISA_USAGE = YES_ERROR;
				CLANG_WARN_EMPTY_BODY = YES;
				CLANG_WARN_ENUM_CONVERSION = YES;
				CLANG_WARN_INT_CONVERSION = YES;
				CLANG_WARN_OBJC_ROOT_CLASS = YES_ERROR;
				CLANG_WARN_UNREACHABLE_CODE = YES;
				CLANG_WARN__DUPLICATE_METHOD_MATCH = YES;
				COPY_PHASE_STRIP = NO;
				ENABLE_STRICT_OBJC_MSGSEND = YES;
				GCC_C_LANGUAGE_STANDARD = gnu99;
				GCC_DYNAMIC_NO_PIC = NO;
				GCC_OPTIMIZATION_LEVEL = 0;
				GCC_PREPROCESSOR_DEFINITIONS = (
					"DEBUG=1",
					"$(inherited)",
				);
				GCC_SYMBOLS_PRIVATE_EXTERN = NO;
				GCC_WARN_64_TO_32_BIT_CONVERSION = YES;
				GCC_WARN_ABOUT_RETURN_TYPE = YES_ERROR;
				GCC_WARN_UNDECLARED_SELECTOR = YES;
				GCC_WARN_UNINITIALIZED_AUTOS = YES_AGGRESSIVE;
				GCC_WARN_UNUSED_FUNCTION = YES;
				GCC_WARN_UNUSED_VARIABLE = YES;
				MACOSX_DEPLOYMENT_TARGET = 10.10;
				MTL_ENABLE_DEBUG_INFO = YES;
				ONLY_ACTIVE_ARCH = YES;
				SDKROOT = macosx;
			};
			name = Debug;
		};
		AEF7D7ED19F901E800C06799 /* Release */ = {
			isa = XCBuildConfiguration;
			buildSettings = {
				ALWAYS_SEARCH_USER_PATHS = NO;
				CLANG_CXX_LANGUAGE_STANDARD = "gnu++0x";
				CLANG_CXX_LIBRARY = "libc++";
				CLANG_ENABLE_MODULES = YES;
				CLANG_ENABLE_OBJC_ARC = YES;
				CLANG_WARN_BOOL_CONVERSION = YES;
				CLANG_WARN_CONSTANT_CONVERSION = YES;
				CLANG_WARN_DIRECT_OBJC_ISA_USAGE = YES_ERROR;
				CLANG_WARN_EMPTY_BODY = YES;
				CLANG_WARN_ENUM_CONVERSION = YES;
				CLANG_WARN_INT_CONVERSION = YES;
				CLANG_WARN_OBJC_ROOT_CLASS = YES_ERROR;
				CLANG_WARN_UNREACHABLE_CODE = YES;
				CLANG_WARN__DUPLICATE_METHOD_MATCH = YES;
				COPY_PHASE_STRIP = YES;
				DEBUG_INFORMATION_FORMAT = "dwarf-with-dsym";
				ENABLE_NS_ASSERTIONS = NO;
				ENABLE_STRICT_OBJC_MSGSEND = YES;
				GCC_C_LANGUAGE_STANDARD = gnu99;
				GCC_WARN_64_TO_32_BIT_CONVERSION = YES;
				GCC_WARN_ABOUT_RETURN_TYPE = YES_ERROR;
				GCC_WARN_UNDECLARED_SELECTOR = YES;
				GCC_WARN_UNINITIALIZED_AUTOS = YES_AGGRESSIVE;
				GCC_WARN_UNUSED_FUNCTION = YES;
				GCC_WARN_UNUSED_VARIABLE = YES;
				MACOSX_DEPLOYMENT_TARGET = 10.10;
				MTL_ENABLE_DEBUG_INFO = NO;
				SDKROOT = macosx;
			};
			name = Release;
		};
		AEF7D7EF19F901E800C06799 /* Debug */ = {
			isa = XCBuildConfiguration;
			buildSettings = {
				PRODUCT_NAME = "$(TARGET_NAME)";
			};
			name = Debug;
		};
		AEF7D7F019F901E800C06799 /* Release */ = {
			isa = XCBuildConfiguration;
			buildSettings = {
				PRODUCT_NAME = "$(TARGET_NAME)";
			};
			name = Release;
		};
/* End XCBuildConfiguration section */

/* Begin XCConfigurationList section */
		AEF7D7E219F901E800C06799 /* Build configuration list for PBXProject "Polish Notation" */ = {
			isa = XCConfigurationList;
			buildConfigurations = (
				AEF7D7EC19F901E800C06799 /* Debug */,
				AEF7D7ED19F901E800C06799 /* Release */,
			);
			defaultConfigurationIsVisible = 0;
			defaultConfigurationName = Release;
		};
		AEF7D7EE19F901E800C06799 /* Build configuration list for PBXNativeTarget "Polish Notation" */ = {
			isa = XCConfigurationList;
			buildConfigurations = (
				AEF7D7EF19F901E800C06799 /* Debug */,
				AEF7D7F019F901E800C06799 /* Release */,
			);
			defaultConfigurationIsVisible = 0;
		};
/* End XCConfigurationList section */
	};
	rootObject = AEF7D7DF19F901E800C06799 /* Project object */;
}
